# Run ./gradlew --write-locks to regenerate this file
ch.qos.logback:logback-access:1.2.11 (1 constraints: e31129f4)
ch.qos.logback:logback-classic:1.2.11 (5 constraints: a84def4d)
ch.qos.logback:logback-core:1.2.11 (5 constraints: f74abe3c)
com.fasterxml:classmate:1.5.1 (3 constraints: 8630e25a)
com.fasterxml.jackson:jackson-bom:2.13.2 (13 constraints: d21ff818)
com.fasterxml.jackson.core:jackson-annotations:2.13.2 (19 constraints: 733a7ccf)
com.fasterxml.jackson.core:jackson-core:2.13.2 (19 constraints: ee7b93cd)
com.fasterxml.jackson.core:jackson-databind:2.13.2 (29 constraints: d133a0e5)
com.fasterxml.jackson.dataformat:jackson-dataformat-cbor:2.13.2 (2 constraints: 342b4c87)
com.fasterxml.jackson.dataformat:jackson-dataformat-smile:2.13.2 (2 constraints: 342b4c87)
com.fasterxml.jackson.dataformat:jackson-dataformat-yaml:2.13.2 (2 constraints: f81f77f7)
com.fasterxml.jackson.datatype:jackson-datatype-guava:2.13.2 (3 constraints: e5396dfc)
com.fasterxml.jackson.datatype:jackson-datatype-jdk8:2.13.2 (3 constraints: e5396dfc)
com.fasterxml.jackson.datatype:jackson-datatype-joda:2.13.2 (3 constraints: e5396dfc)
com.fasterxml.jackson.datatype:jackson-datatype-jsr310:2.13.2 (3 constraints: e5396dfc)
com.fasterxml.jackson.jaxrs:jackson-jaxrs-base:2.13.2 (2 constraints: 2e26bc60)
com.fasterxml.jackson.jaxrs:jackson-jaxrs-json-provider:2.13.2 (2 constraints: 121d8810)
com.fasterxml.jackson.module:jackson-module-afterburner:2.13.2 (3 constraints: 013a0f03)
com.fasterxml.jackson.module:jackson-module-jaxb-annotations:2.13.2 (2 constraints: 2e26bc60)
com.fasterxml.jackson.module:jackson-module-parameter-names:2.13.2 (2 constraints: 691d322f)
com.github.ben-manes.caffeine:caffeine:3.0.5 (5 constraints: 064c677d)
com.google.code.findbugs:jsr305:3.0.2 (24 constraints: 0173f5d0)
com.google.errorprone:error_prone_annotations:2.11.0 (14 constraints: 82d6d826)
com.google.guava:failureaccess:1.0.1 (1 constraints: 140ae1b4)
com.google.guava:guava:31.1-jre (16 constraints: 20119cd6)
com.google.guava:listenablefuture:9999.0-empty-to-avoid-conflict-with-guava (1 constraints: bd17c918)
com.google.j2objc:j2objc-annotations:1.3 (1 constraints: b809eda0)
com.helger:profiler:1.1.1 (1 constraints: e21053b8)
com.palantir.conjure.java:conjure-lib:6.42.0 (4 constraints: 57463c86)
com.palantir.conjure.java:conjure-undertow-annotations:6.42.0 (1 constraints: 3e05593b)
com.palantir.conjure.java:conjure-undertow-lib:6.42.0 (1 constraints: 40171f24)
com.palantir.conjure.java.api:errors:2.24.0 (2 constraints: f31fd727)
com.palantir.conjure.java.runtime:conjure-java-jackson-optimizations:7.29.0 (1 constraints: 881ccda4)
com.palantir.conjure.java.runtime:conjure-java-jackson-serialization:7.29.0 (1 constraints: de0f9c98)
com.palantir.dialogue:dialogue-annotations:3.52.0 (1 constraints: 3c054b3b)
com.palantir.dialogue:dialogue-blocking-channels:3.52.0 (1 constraints: d60f7b98)
com.palantir.dialogue:dialogue-futures:3.52.0 (2 constraints: 5a243cd5)
com.palantir.dialogue:dialogue-serde:3.52.0 (1 constraints: 7112b10f)
com.palantir.dialogue:dialogue-target:3.52.0 (3 constraints: ca36e562)
com.palantir.ri:resource-identifier:2.3.0 (4 constraints: dc4110da)
com.palantir.safe-logging:logger:1.25.0 (8 constraints: 8181a9e2)
com.palantir.safe-logging:logger-slf4j:1.25.0 (1 constraints: 330e8e50)
com.palantir.safe-logging:logger-spi:1.25.0 (2 constraints: 751ea2b0)
com.palantir.safe-logging:preconditions:1.26.0 (13 constraints: e3de0149)
com.palantir.safe-logging:safe-logging:1.26.0 (12 constraints: 89c2b4a7)
com.palantir.safethreadlocalrandom:safe-thread-local-random:0.1.0 (1 constraints: 9d0f8488)
com.palantir.tokens:auth-tokens:3.14.0 (4 constraints: a24265b8)
com.palantir.tracing:tracing:6.9.0 (2 constraints: 0424f894)
com.palantir.tracing:tracing-api:6.9.0 (1 constraints: a70c5e09)
com.palantir.tritium:tritium-api:0.39.0 (2 constraints: 391fa0bd)
com.palantir.tritium:tritium-core:0.39.0 (1 constraints: 44104fa2)
com.palantir.tritium:tritium-metrics:0.39.0 (2 constraints: 5e248ed5)
com.palantir.tritium:tritium-registry:0.39.0 (3 constraints: a1340b01)
com.shapesecurity:salvation2:3.0.0 (1 constraints: 060f3062)
commons-codec:commons-codec:1.15 (2 constraints: e821728f)
commons-io:commons-io:2.10.0 (1 constraints: 360f6671)
commons-net:commons-net:3.8.0 (1 constraints: 0e0f4862)
io.dropwizard:dropwizard-configuration:2.0.29 (1 constraints: 770da42c)
io.dropwizard:dropwizard-core:2.0.29 (1 constraints: 3f05363b)
io.dropwizard:dropwizard-jackson:2.0.29 (7 constraints: 7a6a66ef)
io.dropwizard:dropwizard-jersey:2.0.29 (1 constraints: 770da42c)
io.dropwizard:dropwizard-jetty:2.0.29 (1 constraints: 770da42c)
io.dropwizard:dropwizard-lifecycle:2.0.29 (2 constraints: 3b1c73c1)
io.dropwizard:dropwizard-logging:2.0.29 (4 constraints: bd3b855a)
io.dropwizard:dropwizard-metrics:2.0.29 (1 constraints: 770da42c)
io.dropwizard:dropwizard-request-logging:2.0.29 (1 constraints: 770da42c)
io.dropwizard:dropwizard-servlets:2.0.29 (1 constraints: 770da42c)
io.dropwizard:dropwizard-util:2.0.29 (11 constraints: eaa7f3b4)
io.dropwizard:dropwizard-validation:2.0.29 (7 constraints: 7a6a66ef)
io.dropwizard.logback:logback-throttling-appender:1.1.9 (1 constraints: 830ed74f)
io.dropwizard.metrics:metrics-annotation:4.1.31 (2 constraints: a51fe7f1)
io.dropwizard.metrics:metrics-core:4.1.31 (18 constraints: ea170c35)
io.dropwizard.metrics:metrics-healthchecks:4.1.31 (2 constraints: 8a1eb77b)
io.dropwizard.metrics:metrics-jersey2:4.1.31 (1 constraints: 5c0e734e)
io.dropwizard.metrics:metrics-jetty9:4.1.31 (1 constraints: 730dae2c)
io.dropwizard.metrics:metrics-jmx:4.1.31 (1 constraints: 730dae2c)
io.dropwizard.metrics:metrics-json:4.1.31 (1 constraints: 18117cc9)
io.dropwizard.metrics:metrics-jvm:4.1.31 (2 constraints: 8a1eb77b)
io.dropwizard.metrics:metrics-logback:4.1.31 (1 constraints: b10e915e)
io.dropwizard.metrics:metrics-servlets:4.1.31 (1 constraints: 730dae2c)
io.undertow:undertow-core:2.2.17.Final (1 constraints: e1154cdf)
jakarta.activation:jakarta.activation-api:1.2.2 (2 constraints: ba28fcbd)
jakarta.annotation:jakarta.annotation-api:1.3.5 (5 constraints: b94bdde2)
jakarta.servlet:jakarta.servlet-api:4.0.4 (6 constraints: 4159006f)
jakarta.validation:jakarta.validation-api:2.0.2 (11 constraints: 37b06811)
jakarta.ws.rs:jakarta.ws.rs-api:2.1.6 (12 constraints: 47d8648a)
jakarta.xml.bind:jakarta.xml.bind-api:2.3.3 (1 constraints: 31198ca6)
joda-time:joda-time:2.10.14 (2 constraints: b82438f2)
net.sourceforge.argparse4j:argparse4j:0.8.1 (1 constraints: 430d3a1f)
net.sourceforge.htmlunit:htmlunit:2.60.0 (1 constraints: 3a05433b)
net.sourceforge.htmlunit:htmlunit-core-js:2.60.0 (1 constraints: 3b0f7a71)
net.sourceforge.htmlunit:htmlunit-cssparser:1.11.0 (1 constraints: 360f6371)
net.sourceforge.htmlunit:neko-htmlunit:2.60.0 (1 constraints: 3b0f7a71)
org.apache.commons:commons-lang3:3.12.0 (3 constraints: 292bd5d0)
org.apache.commons:commons-text:1.9 (2 constraints: 631fd37b)
org.apache.httpcomponents:httpclient:4.5.13 (1 constraints: 830f437d)
org.apache.httpcomponents:httpcore:4.4.13 (1 constraints: 591016a2)
org.apache.httpcomponents:httpmime:4.5.13 (1 constraints: 400f8571)
org.apache.httpcomponents.client5:httpclient5:5.1.3 (1 constraints: 40122cfd)
org.apache.httpcomponents.core5:httpcore5:5.1.3 (3 constraints: d337d4f5)
org.apache.httpcomponents.core5:httpcore5-h2:5.1.3 (1 constraints: 3d13093c)
org.brotli:dec:0.1.2 (1 constraints: 060f2662)
org.checkerframework:checker-qual:3.19.0 (2 constraints: 7a1a5075)
org.eclipse.jetty:jetty-client:9.4.45.v20220203 (1 constraints: 6815ba08)
org.eclipse.jetty:jetty-continuation:9.4.46.v20220331 (1 constraints: d81015f8)
org.eclipse.jetty:jetty-http:9.4.46.v20220331 (6 constraints: 4a67212f)
org.eclipse.jetty:jetty-io:9.4.46.v20220331 (9 constraints: b69df00d)
org.eclipse.jetty:jetty-security:9.4.46.v20220331 (3 constraints: 4e305be7)
org.eclipse.jetty:jetty-server:9.4.46.v20220331 (6 constraints: e2689053)
org.eclipse.jetty:jetty-servlet:9.4.46.v20220331 (2 constraints: ea1f37a9)
org.eclipse.jetty:jetty-servlets:9.4.46.v20220331 (1 constraints: 391098d7)
org.eclipse.jetty:jetty-util:9.4.46.v20220331 (12 constraints: edd271b1)
org.eclipse.jetty:jetty-util-ajax:9.4.46.v20220331 (1 constraints: 651050e2)
org.eclipse.jetty.toolchain.setuid:jetty-setuid-java:1.0.4 (1 constraints: 3f0d2a1f)
org.eclipse.jetty.websocket:websocket-api:9.4.45.v20220203 (1 constraints: 7215b509)
org.eclipse.jetty.websocket:websocket-client:9.4.45.v20220203 (1 constraints: 78117117)
org.eclipse.jetty.websocket:websocket-common:9.4.45.v20220203 (1 constraints: 6815ba08)
org.glassfish:jakarta.el:3.0.4 (2 constraints: c023585c)
org.glassfish.hk2:hk2-api:2.6.1 (2 constraints: 991afc66)
org.glassfish.hk2:hk2-locator:2.6.1 (1 constraints: 4410e0ad)
org.glassfish.hk2:hk2-utils:2.6.1 (2 constraints: 21173277)
org.glassfish.hk2:osgi-resource-locator:1.0.3 (1 constraints: ef10e7c2)
org.glassfish.hk2.external:aopalliance-repackaged:2.6.1 (2 constraints: 21173277)
org.glassfish.hk2.external:jakarta.inject:2.6.1 (10 constraints: d79eaf91)
org.glassfish.jersey.containers:jersey-container-servlet:2.33 (1 constraints: fd0ded31)
org.glassfish.jersey.containers:jersey-container-servlet-core:2.33 (2 constraints: ba25dae0)
org.glassfish.jersey.core:jersey-client:2.35 (2 constraints: d11e2476)
org.glassfish.jersey.core:jersey-common:2.35 (9 constraints: 2da60575)
org.glassfish.jersey.core:jersey-server:2.35 (5 constraints: 24638677)
org.glassfish.jersey.ext:jersey-bean-validation:2.33 (1 constraints: 140dfa11)
org.glassfish.jersey.ext:jersey-metainf-services:2.33 (1 constraints: fd0ded31)
org.glassfish.jersey.inject:jersey-hk2:2.33 (1 constraints: fd0ded31)
org.hdrhistogram:HdrHistogram:2.1.12 (1 constraints: 3e103aa2)
org.hibernate.validator:hibernate-validator:6.1.7.Final (4 constraints: a14709d1)
org.javassist:javassist:3.28.0-GA (2 constraints: 3e20406d)
org.jboss.logging:jboss-logging:3.4.1.Final (4 constraints: a24555a8)
org.jboss.threads:jboss-threads:3.1.0.Final (2 constraints: 561a9b42)
org.jboss.xnio:xnio-api:3.8.6.Final (2 constraints: 751afd45)
org.jboss.xnio:xnio-nio:3.8.6.Final (1 constraints: c70dc430)
org.mpierce.metrics.reservoir:hdrhistogram-metrics-reservoir:1.1.3 (1 constraints: 0d10f991)
org.slf4j:jcl-over-slf4j:1.7.36 (1 constraints: b90e9c5e)
org.slf4j:jul-to-slf4j:1.7.36 (1 constraints: b90e9c5e)
org.slf4j:log4j-over-slf4j:1.7.36 (1 constraints: b90e9c5e)
org.slf4j:slf4j-api:1.7.36 (22 constraints: c0456a9a)
org.wildfly.client:wildfly-client-config:1.0.1.Final (1 constraints: 940c6308)
org.wildfly.common:wildfly-common:1.5.4.Final (2 constraints: 741cfbf1)
org.yaml:snakeyaml:1.30 (1 constraints: 6c17f527)
xalan:serializer:2.7.2 (1 constraints: 0506d949)
xalan:xalan:2.7.2 (1 constraints: 0e0f4262)
xerces:xercesImpl:2.12.2 (1 constraints: 14119bca)
xml-apis:xml-apis:1.4.01 (1 constraints: ae08b08c)

[Test dependencies]
net.bytebuddy:byte-buddy:1.12.8 (1 constraints: 460b40de)
net.bytebuddy:byte-buddy-agent:1.12.8 (1 constraints: 460b40de)
org.assertj:assertj-core:3.22.0 (1 constraints: 39053f3b)
org.junit:junit-bom:5.8.2 (6 constraints: 52620bff)
org.junit.jupiter:junit-jupiter:5.8.2 (2 constraints: 260e7a59)
org.junit.jupiter:junit-jupiter-api:5.8.2 (6 constraints: 644c4d16)
org.junit.jupiter:junit-jupiter-engine:5.8.2 (2 constraints: 2117d23c)
org.junit.jupiter:junit-jupiter-params:5.8.2 (2 constraints: 2117d23c)
org.junit.platform:junit-platform-commons:1.8.2 (3 constraints: ee29ed2b)
org.junit.platform:junit-platform-engine:1.8.2 (2 constraints: bc19ddf3)
org.mockito:mockito-core:4.4.0 (2 constraints: cc131e65)
org.mockito:mockito-junit-jupiter:4.4.0 (1 constraints: 0a050b36)
org.objenesis:objenesis:3.2 (1 constraints: b10a13bd)
org.opentest4j:opentest4j:1.2.0 (2 constraints: cd205b49)
